
Microsoft Visual Studio Solution File, Format Version 12.00
# Visual Studio 15
VisualStudioVersion = 15.0.28307.168
MinimumVisualStudioVersion = 10.0.40219.1
Project("{FAE04EC0-301F-11D3-BF4B-00C04F79EFBC}") = "Lab3C-1", "Lab3C-1\Lab3C-1.csproj", "{27592BCC-9F9C-4AA8-B245-8465A7E858AB}"
EndProject
Project("{FAE04EC0-301F-11D3-BF4B-00C04F79EFBC}") = "Lab3C-2", "Lab3C-2\Lab3C-2.csproj", "{0AD44B69-FAEA-4EC0-8E87-3D82230D6A58}"
EndProject
Project("{FAE04EC0-301F-11D3-BF4B-00C04F79EFBC}") = "Lab3C-3", "Lab3C-3\Lab3C-3.csproj", "{59DB346B-5BFF-4E1D-8168-1A6E93A1B201}"
EndProject
Global
	GlobalSection(SolutionConfigurationPlatforms) = preSolution
		Debug|Any CPU = Debug|Any CPU
		Release|Any CPU = Release|Any CPU
	EndGlobalSection
	GlobalSection(ProjectConfigurationPlatforms) = postSolution
		{27592BCC-9F9C-4AA8-B245-8465A7E858AB}.Debug|Any CPU.ActiveCfg = Debug|Any CPU
		{27592BCC-9F9C-4AA8-B245-8465A7E858AB}.Debug|Any CPU.Build.0 = Debug|Any CPU
		{27592BCC-9F9C-4AA8-B245-8465A7E858AB}.Release|Any CPU.ActiveCfg = Release|Any CPU
		{27592BCC-9F9C-4AA8-B245-8465A7E858AB}.Release|Any CPU.Build.0 = Release|Any CPU
		{0AD44B69-FAEA-4EC0-8E87-3D82230D6A58}.Debug|Any CPU.ActiveCfg = Debug|Any CPU
		{0AD44B69-FAEA-4EC0-8E87-3D82230D6A58}.Debug|Any CPU.Build.0 = Debug|Any CPU
		{0AD44B69-FAEA-4EC0-8E87-3D82230D6A58}.Release|Any CPU.ActiveCfg = Release|Any CPU
		{0AD44B69-FAEA-4EC0-8E87-3D82230D6A58}.Release|Any CPU.Build.0 = Release|Any CPU
		{59DB346B-5BFF-4E1D-8168-1A6E93A1B201}.Debug|Any CPU.ActiveCfg = Debug|Any CPU
		{59DB346B-5BFF-4E1D-8168-1A6E93A1B201}.Debug|Any CPU.Build.0 = Debug|Any CPU
		{59DB346B-5BFF-4E1D-8168-1A6E93A1B201}.Release|Any CPU.ActiveCfg = Release|Any CPU
		{59DB346B-5BFF-4E1D-8168-1A6E93A1B201}.Release|Any CPU.Build.0 = Release|Any CPU
	EndGlobalSection
	GlobalSection(SolutionProperties) = preSolution
		HideSolutionNode = FALSE
	EndGlobalSection
	GlobalSection(ExtensibilityGlobals) = postSolution
		SolutionGuid = {4F9EECB8-8D24-45D1-A48F-834204635D5E}
	EndGlobalSection
EndGlobal
