
Microsoft Visual Studio Solution File, Format Version 12.00
# Visual Studio 15
VisualStudioVersion = 15.0.28307.271
MinimumVisualStudioVersion = 10.0.40219.1
Project("{FAE04EC0-301F-11D3-BF4B-00C04F79EFBC}") = "Instantiating_Delegates", "Lab4A-1\Instantiating_Delegates.csproj", "{DE6D0DC7-87C6-4101-B8FC-EEC3D7E8DAFB}"
EndProject
Project("{FAE04EC0-301F-11D3-BF4B-00C04F79EFBC}") = "Multicasting_Delegate", "Multicasting_Delegate\Multicasting_Delegate.csproj", "{5C91CC86-1181-4D08-9BF3-C57D61FE3999}"
EndProject
Project("{FAE04EC0-301F-11D3-BF4B-00C04F79EFBC}") = "Using_Delegates", "Using_Delegates\Using_Delegates.csproj", "{77D064AA-B127-4AE8-B700-2C6E5808FE0F}"
EndProject
Global
	GlobalSection(SolutionConfigurationPlatforms) = preSolution
		Debug|Any CPU = Debug|Any CPU
		Release|Any CPU = Release|Any CPU
	EndGlobalSection
	GlobalSection(ProjectConfigurationPlatforms) = postSolution
		{DE6D0DC7-87C6-4101-B8FC-EEC3D7E8DAFB}.Debug|Any CPU.ActiveCfg = Debug|Any CPU
		{DE6D0DC7-87C6-4101-B8FC-EEC3D7E8DAFB}.Debug|Any CPU.Build.0 = Debug|Any CPU
		{DE6D0DC7-87C6-4101-B8FC-EEC3D7E8DAFB}.Release|Any CPU.ActiveCfg = Release|Any CPU
		{DE6D0DC7-87C6-4101-B8FC-EEC3D7E8DAFB}.Release|Any CPU.Build.0 = Release|Any CPU
		{5C91CC86-1181-4D08-9BF3-C57D61FE3999}.Debug|Any CPU.ActiveCfg = Debug|Any CPU
		{5C91CC86-1181-4D08-9BF3-C57D61FE3999}.Debug|Any CPU.Build.0 = Debug|Any CPU
		{5C91CC86-1181-4D08-9BF3-C57D61FE3999}.Release|Any CPU.ActiveCfg = Release|Any CPU
		{5C91CC86-1181-4D08-9BF3-C57D61FE3999}.Release|Any CPU.Build.0 = Release|Any CPU
		{77D064AA-B127-4AE8-B700-2C6E5808FE0F}.Debug|Any CPU.ActiveCfg = Debug|Any CPU
		{77D064AA-B127-4AE8-B700-2C6E5808FE0F}.Debug|Any CPU.Build.0 = Debug|Any CPU
		{77D064AA-B127-4AE8-B700-2C6E5808FE0F}.Release|Any CPU.ActiveCfg = Release|Any CPU
		{77D064AA-B127-4AE8-B700-2C6E5808FE0F}.Release|Any CPU.Build.0 = Release|Any CPU
	EndGlobalSection
	GlobalSection(SolutionProperties) = preSolution
		HideSolutionNode = FALSE
	EndGlobalSection
	GlobalSection(ExtensibilityGlobals) = postSolution
		SolutionGuid = {E64A541A-92D7-43E2-BAD0-A20D4B24FCCE}
	EndGlobalSection
EndGlobal
