
Microsoft Visual Studio Solution File, Format Version 12.00
# Visual Studio 15
VisualStudioVersion = 15.0.28307.271
MinimumVisualStudioVersion = 10.0.40219.1
Project("{FAE04EC0-301F-11D3-BF4B-00C04F79EFBC}") = "Lab1A-4", "Lab1A-4\Lab1A-4.csproj", "{F1673AF2-4CA0-4EAC-AB4F-14D2C88FF7AB}"
EndProject
Global
	GlobalSection(SolutionConfigurationPlatforms) = preSolution
		Debug|Any CPU = Debug|Any CPU
		Release|Any CPU = Release|Any CPU
	EndGlobalSection
	GlobalSection(ProjectConfigurationPlatforms) = postSolution
		{F1673AF2-4CA0-4EAC-AB4F-14D2C88FF7AB}.Debug|Any CPU.ActiveCfg = Debug|Any CPU
		{F1673AF2-4CA0-4EAC-AB4F-14D2C88FF7AB}.Debug|Any CPU.Build.0 = Debug|Any CPU
		{F1673AF2-4CA0-4EAC-AB4F-14D2C88FF7AB}.Release|Any CPU.ActiveCfg = Release|Any CPU
		{F1673AF2-4CA0-4EAC-AB4F-14D2C88FF7AB}.Release|Any CPU.Build.0 = Release|Any CPU
	EndGlobalSection
	GlobalSection(SolutionProperties) = preSolution
		HideSolutionNode = FALSE
	EndGlobalSection
	GlobalSection(ExtensibilityGlobals) = postSolution
		SolutionGuid = {724DF2DE-C0CD-4CAA-9F5B-9979079B07FE}
	EndGlobalSection
EndGlobal
