
Microsoft Visual Studio Solution File, Format Version 12.00
# Visual Studio 15
VisualStudioVersion = 15.0.28307.271
MinimumVisualStudioVersion = 10.0.40219.1
Project("{FAE04EC0-301F-11D3-BF4B-00C04F79EFBC}") = "lab8A-1", "lab8A\lab8A-1.csproj", "{36FA4DA2-6B80-4A77-96F8-D20ED83E7D94}"
EndProject
Project("{FAE04EC0-301F-11D3-BF4B-00C04F79EFBC}") = "Lab8A-2", "Lab8A-2\Lab8A-2.csproj", "{70346315-D25F-4F3F-BBD8-565DF3D5EEB7}"
EndProject
Global
	GlobalSection(SolutionConfigurationPlatforms) = preSolution
		Debug|Any CPU = Debug|Any CPU
		Release|Any CPU = Release|Any CPU
	EndGlobalSection
	GlobalSection(ProjectConfigurationPlatforms) = postSolution
		{36FA4DA2-6B80-4A77-96F8-D20ED83E7D94}.Debug|Any CPU.ActiveCfg = Debug|Any CPU
		{36FA4DA2-6B80-4A77-96F8-D20ED83E7D94}.Debug|Any CPU.Build.0 = Debug|Any CPU
		{36FA4DA2-6B80-4A77-96F8-D20ED83E7D94}.Release|Any CPU.ActiveCfg = Release|Any CPU
		{36FA4DA2-6B80-4A77-96F8-D20ED83E7D94}.Release|Any CPU.Build.0 = Release|Any CPU
		{70346315-D25F-4F3F-BBD8-565DF3D5EEB7}.Debug|Any CPU.ActiveCfg = Debug|Any CPU
		{70346315-D25F-4F3F-BBD8-565DF3D5EEB7}.Debug|Any CPU.Build.0 = Debug|Any CPU
		{70346315-D25F-4F3F-BBD8-565DF3D5EEB7}.Release|Any CPU.ActiveCfg = Release|Any CPU
		{70346315-D25F-4F3F-BBD8-565DF3D5EEB7}.Release|Any CPU.Build.0 = Release|Any CPU
	EndGlobalSection
	GlobalSection(SolutionProperties) = preSolution
		HideSolutionNode = FALSE
	EndGlobalSection
	GlobalSection(ExtensibilityGlobals) = postSolution
		SolutionGuid = {51076799-8317-4A2E-8019-92997CB35585}
	EndGlobalSection
EndGlobal
